// !$*UTF8*$!
{
	archiveVersion = 1;
	classes = {
	};
	objectVersion = 50;
	objects = {

/* Begin PBXBuildFile section */
		6AF1FC87260B5D9E0073A1EB /* practice_3App.swift in Sources */ = {isa = PBXBuildFile; fileRef = 6AF1FC86260B5D9E0073A1EB /* practice_3App.swift */; };
		6AF1FC89260B5D9E0073A1EB /* ContentView.swift in Sources */ = {isa = PBXBuildFile; fileRef = 6AF1FC88260B5D9E0073A1EB /* ContentView.swift */; };
		6AF1FC8B260B5D9F0073A1EB /* Assets.xcassets in Resources */ = {isa = PBXBuildFile; fileRef = 6AF1FC8A260B5D9F0073A1EB /* Assets.xcassets */; };
		6AF1FC8E260B5D9F0073A1EB /* Preview Assets.xcassets in Resources */ = {isa = PBXBuildFile; fileRef = 6AF1FC8D260B5D9F0073A1EB /* Preview Assets.xcassets */; };
		6AF1FC99260B5D9F0073A1EB /* practice_3Tests.swift in Sources */ = {isa = PBXBuildFile; fileRef = 6AF1FC98260B5D9F0073A1EB /* practice_3Tests.swift */; };
		6AF1FCA4260B5D9F0073A1EB /* practice_3UITests.swift in Sources */ = {isa = PBXBuildFile; fileRef = 6AF1FCA3260B5D9F0073A1EB /* practice_3UITests.swift */; };
/* End PBXBuildFile section */

/* Begin PBXContainerItemProxy section */
		6AF1FC95260B5D9F0073A1EB /* PBXContainerItemProxy */ = {
			isa = PBXContainerItemProxy;
			containerPortal = 6AF1FC7B260B5D9E0073A1EB /* Project object */;
			proxyType = 1;
			remoteGlobalIDString = 6AF1FC82260B5D9E0073A1EB;
			remoteInfo = "practice-3";
		};
		6AF1FCA0260B5D9F0073A1EB /* PBXContainerItemProxy */ = {
			isa = PBXContainerItemProxy;
			containerPortal = 6AF1FC7B260B5D9E0073A1EB /* Project object */;
			proxyType = 1;
			remoteGlobalIDString = 6AF1FC82260B5D9E0073A1EB;
			remoteInfo = "practice-3";
		};
/* End PBXContainerItemProxy section */

/* Begin PBXFileReference section */
		6AF1FC83260B5D9E0073A1EB /* practice-3.app */ = {isa = PBXFileReference; explicitFileType = wrapper.application; includeInIndex = 0; path = "practice-3.app"; sourceTree = BUILT_PRODUCTS_DIR; };
		6AF1FC86260B5D9E0073A1EB /* practice_3App.swift */ = {isa = PBXFileReference; lastKnownFileType = sourcecode.swift; path = practice_3App.swift; sourceTree = "<group>"; };
		6AF1FC88260B5D9E0073A1EB /* ContentView.swift */ = {isa = PBXFileReference; lastKnownFileType = sourcecode.swift; path = ContentView.swift; sourceTree = "<group>"; };
		6AF1FC8A260B5D9F0073A1EB /* Assets.xcassets */ = {isa = PBXFileReference; lastKnownFileType = folder.assetcatalog; path = Assets.xcassets; sourceTree = "<group>"; };
		6AF1FC8D260B5D9F0073A1EB /* Preview Assets.xcassets */ = {isa = PBXFileReference; lastKnownFileType = folder.assetcatalog; path = "Preview Assets.xcassets"; sourceTree = "<group>"; };
		6AF1FC8F260B5D9F0073A1EB /* Info.plist */ = {isa = PBXFileReference; lastKnownFileType = text.plist.xml; path = Info.plist; sourceTree = "<group>"; };
		6AF1FC94260B5D9F0073A1EB /* practice-3Tests.xctest */ = {isa = PBXFileReference; explicitFileType = wrapper.cfbundle; includeInIndex = 0; path = "practice-3Tests.xctest"; sourceTree = BUILT_PRODUCTS_DIR; };
		6AF1FC98260B5D9F0073A1EB /* practice_3Tests.swift */ = {isa = PBXFileReference; lastKnownFileType = sourcecode.swift; path = practice_3Tests.swift; sourceTree = "<group>"; };
		6AF1FC9A260B5D9F0073A1EB /* Info.plist */ = {isa = PBXFileReference; lastKnownFileType = text.plist.xml; path = Info.plist; sourceTree = "<group>"; };
		6AF1FC9F260B5D9F0073A1EB /* practice-3UITests.xctest */ = {isa = PBXFileReference; explicitFileType = wrapper.cfbundle; includeInIndex = 0; path = "practice-3UITests.xctest"; sourceTree = BUILT_PRODUCTS_DIR; };
		6AF1FCA3260B5D9F0073A1EB /* practice_3UITests.swift */ = {isa = PBXFileReference; lastKnownFileType = sourcecode.swift; path = practice_3UITests.swift; sourceTree = "<group>"; };
		6AF1FCA5260B5D9F0073A1EB /* Info.plist */ = {isa = PBXFileReference; lastKnownFileType = text.plist.xml; path = Info.plist; sourceTree = "<group>"; };
/* End PBXFileReference section */

/* Begin PBXFrameworksBuildPhase section */
		6AF1FC80260B5D9E0073A1EB /* Frameworks */ = {
			isa = PBXFrameworksBuildPhase;
			buildActionMask = 2147483647;
			files = (
			);
			runOnlyForDeploymentPostprocessing = 0;
		};
		6AF1FC91260B5D9F0073A1EB /* Frameworks */ = {
			isa = PBXFrameworksBuildPhase;
			buildActionMask = 2147483647;
			files = (
			);
			runOnlyForDeploymentPostprocessing = 0;
		};
		6AF1FC9C260B5D9F0073A1EB /* Frameworks */ = {
			isa = PBXFrameworksBuildPhase;
			buildActionMask = 2147483647;
			files = (
			);
			runOnlyForDeploymentPostprocessing = 0;
		};
/* End PBXFrameworksBuildPhase section */

/* Begin PBXGroup section */
		6AF1FC7A260B5D9E0073A1EB = {
			isa = PBXGroup;
			children = (
				6AF1FC85260B5D9E0073A1EB /* practice-3 */,
				6AF1FC97260B5D9F0073A1EB /* practice-3Tests */,
				6AF1FCA2260B5D9F0073A1EB /* practice-3UITests */,
				6AF1FC84260B5D9E0073A1EB /* Products */,
			);
			sourceTree = "<group>";
		};
		6AF1FC84260B5D9E0073A1EB /* Products */ = {
			isa = PBXGroup;
			children = (
				6AF1FC83260B5D9E0073A1EB /* practice-3.app */,
				6AF1FC94260B5D9F0073A1EB /* practice-3Tests.xctest */,
				6AF1FC9F260B5D9F0073A1EB /* practice-3UITests.xctest */,
			);
			name = Products;
			sourceTree = "<group>";
		};
		6AF1FC85260B5D9E0073A1EB /* practice-3 */ = {
			isa = PBXGroup;
			children = (
				6AF1FC86260B5D9E0073A1EB /* practice_3App.swift */,
				6AF1FC88260B5D9E0073A1EB /* ContentView.swift */,
				6AF1FC8A260B5D9F0073A1EB /* Assets.xcassets */,
				6AF1FC8F260B5D9F0073A1EB /* Info.plist */,
				6AF1FC8C260B5D9F0073A1EB /* Preview Content */,
			);
			path = "practice-3";
			sourceTree = "<group>";
		};
		6AF1FC8C260B5D9F0073A1EB /* Preview Content */ = {
			isa = PBXGroup;
			children = (
				6AF1FC8D260B5D9F0073A1EB /* Preview Assets.xcassets */,
			);
			path = "Preview Content";
			sourceTree = "<group>";
		};
		6AF1FC97260B5D9F0073A1EB /* practice-3Tests */ = {
			isa = PBXGroup;
			children = (
				6AF1FC98260B5D9F0073A1EB /* practice_3Tests.swift */,
				6AF1FC9A260B5D9F0073A1EB /* Info.plist */,
			);
			path = "practice-3Tests";
			sourceTree = "<group>";
		};
		6AF1FCA2260B5D9F0073A1EB /* practice-3UITests */ = {
			isa = PBXGroup;
			children = (
				6AF1FCA3260B5D9F0073A1EB /* practice_3UITests.swift */,
				6AF1FCA5260B5D9F0073A1EB /* Info.plist */,
			);
			path = "practice-3UITests";
			sourceTree = "<group>";
		};
/* End PBXGroup section */

/* Begin PBXNativeTarget section */
		6AF1FC82260B5D9E0073A1EB /* practice-3 */ = {
			isa = PBXNativeTarget;
			buildConfigurationList = 6AF1FCA8260B5D9F0073A1EB /* Build configuration list for PBXNativeTarget "practice-3" */;
			buildPhases = (
				6AF1FC7F260B5D9E0073A1EB /* Sources */,
				6AF1FC80260B5D9E0073A1EB /* Frameworks */,
				6AF1FC81260B5D9E0073A1EB /* Resources */,
			);
			buildRules = (
			);
			dependencies = (
			);
			name = "practice-3";
			productName = "practice-3";
			productReference = 6AF1FC83260B5D9E0073A1EB /* practice-3.app */;
			productType = "com.apple.product-type.application";
		};
		6AF1FC93260B5D9F0073A1EB /* practice-3Tests */ = {
			isa = PBXNativeTarget;
			buildConfigurationList = 6AF1FCAB260B5D9F0073A1EB /* Build configuration list for PBXNativeTarget "practice-3Tests" */;
			buildPhases = (
				6AF1FC90260B5D9F0073A1EB /* Sources */,
				6AF1FC91260B5D9F0073A1EB /* Frameworks */,
				6AF1FC92260B5D9F0073A1EB /* Resources */,
			);
			buildRules = (
			);
			dependencies = (
				6AF1FC96260B5D9F0073A1EB /* PBXTargetDependency */,
			);
			name = "practice-3Tests";
			productName = "practice-3Tests";
			productReference = 6AF1FC94260B5D9F0073A1EB /* practice-3Tests.xctest */;
			productType = "com.apple.product-type.bundle.unit-test";
		};
		6AF1FC9E260B5D9F0073A1EB /* practice-3UITests */ = {
			isa = PBXNativeTarget;
			buildConfigurationList = 6AF1FCAE260B5D9F0073A1EB /* Build configuration list for PBXNativeTarget "practice-3UITests" */;
			buildPhases = (
				6AF1FC9B260B5D9F0073A1EB /* Sources */,
				6AF1FC9C260B5D9F0073A1EB /* Frameworks */,
				6AF1FC9D260B5D9F0073A1EB /* Resources */,
			);
			buildRules = (
			);
			dependencies = (
				6AF1FCA1260B5D9F0073A1EB /* PBXTargetDependency */,
			);
			name = "practice-3UITests";
			productName = "practice-3UITests";
			productReference = 6AF1FC9F260B5D9F0073A1EB /* practice-3UITests.xctest */;
			productType = "com.apple.product-type.bundle.ui-testing";
		};
/* End PBXNativeTarget section */

/* Begin PBXProject section */
		6AF1FC7B260B5D9E0073A1EB /* Project object */ = {
			isa = PBXProject;
			attributes = {
				LastSwiftUpdateCheck = 1240;
				LastUpgradeCheck = 1240;
				TargetAttributes = {
					6AF1FC82260B5D9E0073A1EB = {
						CreatedOnToolsVersion = 12.4;
					};
					6AF1FC93260B5D9F0073A1EB = {
						CreatedOnToolsVersion = 12.4;
						TestTargetID = 6AF1FC82260B5D9E0073A1EB;
					};
					6AF1FC9E260B5D9F0073A1EB = {
						CreatedOnToolsVersion = 12.4;
						TestTargetID = 6AF1FC82260B5D9E0073A1EB;
					};
				};
			};
			buildConfigurationList = 6AF1FC7E260B5D9E0073A1EB /* Build configuration list for PBXProject "practice-3" */;
			compatibilityVersion = "Xcode 9.3";
			developmentRegion = en;
			hasScannedForEncodings = 0;
			knownRegions = (
				en,
				Base,
			);
			mainGroup = 6AF1FC7A260B5D9E0073A1EB;
			productRefGroup = 6AF1FC84260B5D9E0073A1EB /* Products */;
			projectDirPath = "";
			projectRoot = "";
			targets = (
				6AF1FC82260B5D9E0073A1EB /* practice-3 */,
				6AF1FC93260B5D9F0073A1EB /* practice-3Tests */,
				6AF1FC9E260B5D9F0073A1EB /* practice-3UITests */,
			);
		};
/* End PBXProject section */

/* Begin PBXResourcesBuildPhase section */
		6AF1FC81260B5D9E0073A1EB /* Resources */ = {
			isa = PBXResourcesBuildPhase;
			buildActionMask = 2147483647;
			files = (
				6AF1FC8E260B5D9F0073A1EB /* Preview Assets.xcassets in Resources */,
				6AF1FC8B260B5D9F0073A1EB /* Assets.xcassets in Resources */,
			);
			runOnlyForDeploymentPostprocessing = 0;
		};
		6AF1FC92260B5D9F0073A1EB /* Resources */ = {
			isa = PBXResourcesBuildPhase;
			buildActionMask = 2147483647;
			files = (
			);
			runOnlyForDeploymentPostprocessing = 0;
		};
		6AF1FC9D260B5D9F0073A1EB /* Resources */ = {
			isa = PBXResourcesBuildPhase;
			buildActionMask = 2147483647;
			files = (
			);
			runOnlyForDeploymentPostprocessing = 0;
		};
/* End PBXResourcesBuildPhase section */

/* Begin PBXSourcesBuildPhase section */
		6AF1FC7F260B5D9E0073A1EB /* Sources */ = {
			isa = PBXSourcesBuildPhase;
			buildActionMask = 2147483647;
			files = (
				6AF1FC89260B5D9E0073A1EB /* ContentView.swift in Sources */,
				6AF1FC87260B5D9E0073A1EB /* practice_3App.swift in Sources */,
			);
			runOnlyForDeploymentPostprocessing = 0;
		};
		6AF1FC90260B5D9F0073A1EB /* Sources */ = {
			isa = PBXSourcesBuildPhase;
			buildActionMask = 2147483647;
			files = (
				6AF1FC99260B5D9F0073A1EB /* practice_3Tests.swift in Sources */,
			);
			runOnlyForDeploymentPostprocessing = 0;
		};
		6AF1FC9B260B5D9F0073A1EB /* Sources */ = {
			isa = PBXSourcesBuildPhase;
			buildActionMask = 2147483647;
			files = (
				6AF1FCA4260B5D9F0073A1EB /* practice_3UITests.swift in Sources */,
			);
			runOnlyForDeploymentPostprocessing = 0;
		};
/* End PBXSourcesBuildPhase section */

/* Begin PBXTargetDependency section */
		6AF1FC96260B5D9F0073A1EB /* PBXTargetDependency */ = {
			isa = PBXTargetDependency;
			target = 6AF1FC82260B5D9E0073A1EB /* practice-3 */;
			targetProxy = 6AF1FC95260B5D9F0073A1EB /* PBXContainerItemProxy */;
		};
		6AF1FCA1260B5D9F0073A1EB /* PBXTargetDependency */ = {
			isa = PBXTargetDependency;
			target = 6AF1FC82260B5D9E0073A1EB /* practice-3 */;
			targetProxy = 6AF1FCA0260B5D9F0073A1EB /* PBXContainerItemProxy */;
		};
/* End PBXTargetDependency section */

/* Begin XCBuildConfiguration section */
		6AF1FCA6260B5D9F0073A1EB /* Debug */ = {
			isa = XCBuildConfiguration;
			buildSettings = {
				ALWAYS_SEARCH_USER_PATHS = NO;
				CLANG_ANALYZER_NONNULL = YES;
				CLANG_ANALYZER_NUMBER_OBJECT_CONVERSION = YES_AGGRESSIVE;
				CLANG_CXX_LANGUAGE_STANDARD = "gnu++14";
				CLANG_CXX_LIBRARY = "libc++";
				CLANG_ENABLE_MODULES = YES;
				CLANG_ENABLE_OBJC_ARC = YES;
				CLANG_ENABLE_OBJC_WEAK = YES;
				CLANG_WARN_BLOCK_CAPTURE_AUTORELEASING = YES;
				CLANG_WARN_BOOL_CONVERSION = YES;
				CLANG_WARN_COMMA = YES;
				CLANG_WARN_CONSTANT_CONVERSION = YES;
				CLANG_WARN_DEPRECATED_OBJC_IMPLEMENTATIONS = YES;
				CLANG_WARN_DIRECT_OBJC_ISA_USAGE = YES_ERROR;
				CLANG_WARN_DOCUMENTATION_COMMENTS = YES;
				CLANG_WARN_EMPTY_BODY = YES;
				CLANG_WARN_ENUM_CONVERSION = YES;
				CLANG_WARN_INFINITE_RECURSION = YES;
				CLANG_WARN_INT_CONVERSION = YES;
				CLANG_WARN_NON_LITERAL_NULL_CONVERSION = YES;
				CLANG_WARN_OBJC_IMPLICIT_RETAIN_SELF = YES;
				CLANG_WARN_OBJC_LITERAL_CONVERSION = YES;
				CLANG_WARN_OBJC_ROOT_CLASS = YES_ERROR;
				CLANG_WARN_QUOTED_INCLUDE_IN_FRAMEWORK_HEADER = YES;
				CLANG_WARN_RANGE_LOOP_ANALYSIS = YES;
				CLANG_WARN_STRICT_PROTOTYPES = YES;
				CLANG_WARN_SUSPICIOUS_MOVE = YES;
				CLANG_WARN_UNGUARDED_AVAILABILITY = YES_AGGRESSIVE;
				CLANG_WARN_UNREACHABLE_CODE = YES;
				CLANG_WARN__DUPLICATE_METHOD_MATCH = YES;
				COPY_PHASE_STRIP = NO;
				DEBUG_INFORMATION_FORMAT = dwarf;
				ENABLE_STRICT_OBJC_MSGSEND = YES;
				ENABLE_TESTABILITY = YES;
				GCC_C_LANGUAGE_STANDARD = gnu11;
				GCC_DYNAMIC_NO_PIC = NO;
				GCC_NO_COMMON_BLOCKS = YES;
				GCC_OPTIMIZATION_LEVEL = 0;
				GCC_PREPROCESSOR_DEFINITIONS = (
					"DEBUG=1",
					"$(inherited)",
				);
				GCC_WARN_64_TO_32_BIT_CONVERSION = YES;
				GCC_WARN_ABOUT_RETURN_TYPE = YES_ERROR;
				GCC_WARN_UNDECLARED_SELECTOR = YES;
				GCC_WARN_UNINITIALIZED_AUTOS = YES_AGGRESSIVE;
				GCC_WARN_UNUSED_FUNCTION = YES;
				GCC_WARN_UNUSED_VARIABLE = YES;
				IPHONEOS_DEPLOYMENT_TARGET = 14.4;
				MTL_ENABLE_DEBUG_INFO = INCLUDE_SOURCE;
				MTL_FAST_MATH = YES;
				ONLY_ACTIVE_ARCH = YES;
				SDKROOT = iphoneos;
				SWIFT_ACTIVE_COMPILATION_CONDITIONS = DEBUG;
				SWIFT_OPTIMIZATION_LEVEL = "-Onone";
			};
			name = Debug;
		};
		6AF1FCA7260B5D9F0073A1EB /* Release */ = {
			isa = XCBuildConfiguration;
			buildSettings = {
				ALWAYS_SEARCH_USER_PATHS = NO;
				CLANG_ANALYZER_NONNULL = YES;
				CLANG_ANALYZER_NUMBER_OBJECT_CONVERSION = YES_AGGRESSIVE;
				CLANG_CXX_LANGUAGE_STANDARD = "gnu++14";
				CLANG_CXX_LIBRARY = "libc++";
				CLANG_ENABLE_MODULES = YES;
				CLANG_ENABLE_OBJC_ARC = YES;
				CLANG_ENABLE_OBJC_WEAK = YES;
				CLANG_WARN_BLOCK_CAPTURE_AUTORELEASING = YES;
				CLANG_WARN_BOOL_CONVERSION = YES;
				CLANG_WARN_COMMA = YES;
				CLANG_WARN_CONSTANT_CONVERSION = YES;
				CLANG_WARN_DEPRECATED_OBJC_IMPLEMENTATIONS = YES;
				CLANG_WARN_DIRECT_OBJC_ISA_USAGE = YES_ERROR;
				CLANG_WARN_DOCUMENTATION_COMMENTS = YES;
				CLANG_WARN_EMPTY_BODY = YES;
				CLANG_WARN_ENUM_CONVERSION = YES;
				CLANG_WARN_INFINITE_RECURSION = YES;
				CLANG_WARN_INT_CONVERSION = YES;
				CLANG_WARN_NON_LITERAL_NULL_CONVERSION = YES;
				CLANG_WARN_OBJC_IMPLICIT_RETAIN_SELF = YES;
				CLANG_WARN_OBJC_LITERAL_CONVERSION = YES;
				CLANG_WARN_OBJC_ROOT_CLASS = YES_ERROR;
				CLANG_WARN_QUOTED_INCLUDE_IN_FRAMEWORK_HEADER = YES;
				CLANG_WARN_RANGE_LOOP_ANALYSIS = YES;
				CLANG_WARN_STRICT_PROTOTYPES = YES;
				CLANG_WARN_SUSPICIOUS_MOVE = YES;
				CLANG_WARN_UNGUARDED_AVAILABILITY = YES_AGGRESSIVE;
				CLANG_WARN_UNREACHABLE_CODE = YES;
				CLANG_WARN__DUPLICATE_METHOD_MATCH = YES;
				COPY_PHASE_STRIP = NO;
				DEBUG_INFORMATION_FORMAT = "dwarf-with-dsym";
				ENABLE_NS_ASSERTIONS = NO;
				ENABLE_STRICT_OBJC_MSGSEND = YES;
				GCC_C_LANGUAGE_STANDARD = gnu11;
				GCC_NO_COMMON_BLOCKS = YES;
				GCC_WARN_64_TO_32_BIT_CONVERSION = YES;
				GCC_WARN_ABOUT_RETURN_TYPE = YES_ERROR;
				GCC_WARN_UNDECLARED_SELECTOR = YES;
				GCC_WARN_UNINITIALIZED_AUTOS = YES_AGGRESSIVE;
				GCC_WARN_UNUSED_FUNCTION = YES;
				GCC_WARN_UNUSED_VARIABLE = YES;
				IPHONEOS_DEPLOYMENT_TARGET = 14.4;
				MTL_ENABLE_DEBUG_INFO = NO;
				MTL_FAST_MATH = YES;
				SDKROOT = iphoneos;
				SWIFT_COMPILATION_MODE = wholemodule;
				SWIFT_OPTIMIZATION_LEVEL = "-O";
				VALIDATE_PRODUCT = YES;
			};
			name = Release;
		};
		6AF1FCA9260B5D9F0073A1EB /* Debug */ = {
			isa = XCBuildConfiguration;
			buildSettings = {
				ASSETCATALOG_COMPILER_APPICON_NAME = AppIcon;
				ASSETCATALOG_COMPILER_GLOBAL_ACCENT_COLOR_NAME = AccentColor;
				CODE_SIGN_STYLE = Automatic;
				DEVELOPMENT_ASSET_PATHS = "\"practice-3/Preview Content\"";
				DEVELOPMENT_TEAM = 8SARQFUQQA;
				ENABLE_PREVIEWS = YES;
				INFOPLIST_FILE = "practice-3/Info.plist";
				IPHONEOS_DEPLOYMENT_TARGET = 14.0;
				LD_RUNPATH_SEARCH_PATHS = (
					"$(inherited)",
					"@executable_path/Frameworks",
				);
				PRODUCT_BUNDLE_IDENTIFIER = "taisei.practice-3";
				PRODUCT_NAME = "$(TARGET_NAME)";
				SWIFT_VERSION = 5.0;
				TARGETED_DEVICE_FAMILY = "1,2";
			};
			name = Debug;
		};
		6AF1FCAA260B5D9F0073A1EB /* Release */ = {
			isa = XCBuildConfiguration;
			buildSettings = {
				ASSETCATALOG_COMPILER_APPICON_NAME = AppIcon;
				ASSETCATALOG_COMPILER_GLOBAL_ACCENT_COLOR_NAME = AccentColor;
				CODE_SIGN_STYLE = Automatic;
				DEVELOPMENT_ASSET_PATHS = "\"practice-3/Preview Content\"";
				DEVELOPMENT_TEAM = 8SARQFUQQA;
				ENABLE_PREVIEWS = YES;
				INFOPLIST_FILE = "practice-3/Info.plist";
				IPHONEOS_DEPLOYMENT_TARGET = 14.0;
				LD_RUNPATH_SEARCH_PATHS = (
					"$(inherited)",
					"@executable_path/Frameworks",
				);
				PRODUCT_BUNDLE_IDENTIFIER = "taisei.practice-3";
				PRODUCT_NAME = "$(TARGET_NAME)";
				SWIFT_VERSION = 5.0;
				TARGETED_DEVICE_FAMILY = "1,2";
			};
			name = Release;
		};
		6AF1FCAC260B5D9F0073A1EB /* Debug */ = {
			isa = XCBuildConfiguration;
			buildSettings = {
				ALWAYS_EMBED_SWIFT_STANDARD_LIBRARIES = YES;
				BUNDLE_LOADER = "$(TEST_HOST)";
				CODE_SIGN_STYLE = Automatic;
				DEVELOPMENT_TEAM = 8SARQFUQQA;
				INFOPLIST_FILE = "practice-3Tests/Info.plist";
				IPHONEOS_DEPLOYMENT_TARGET = 14.0;
				LD_RUNPATH_SEARCH_PATHS = (
					"$(inherited)",
					"@executable_path/Frameworks",
					"@loader_path/Frameworks",
				);
				PRODUCT_BUNDLE_IDENTIFIER = "taisei.practice-3Tests";
				PRODUCT_NAME = "$(TARGET_NAME)";
				SWIFT_VERSION = 5.0;
				TARGETED_DEVICE_FAMILY = "1,2";
				TEST_HOST = "$(BUILT_PRODUCTS_DIR)/practice-3.app/practice-3";
			};
			name = Debug;
		};
		6AF1FCAD260B5D9F0073A1EB /* Release */ = {
			isa = XCBuildConfiguration;
			buildSettings = {
				ALWAYS_EMBED_SWIFT_STANDARD_LIBRARIES = YES;
				BUNDLE_LOADER = "$(TEST_HOST)";
				CODE_SIGN_STYLE = Automatic;
				DEVELOPMENT_TEAM = 8SARQFUQQA;
				INFOPLIST_FILE = "practice-3Tests/Info.plist";
				IPHONEOS_DEPLOYMENT_TARGET = 14.0;
				LD_RUNPATH_SEARCH_PATHS = (
					"$(inherited)",
					"@executable_path/Frameworks",
					"@loader_path/Frameworks",
				);
				PRODUCT_BUNDLE_IDENTIFIER = "taisei.practice-3Tests";
				PRODUCT_NAME = "$(TARGET_NAME)";
				SWIFT_VERSION = 5.0;
				TARGETED_DEVICE_FAMILY = "1,2";
				TEST_HOST = "$(BUILT_PRODUCTS_DIR)/practice-3.app/practice-3";
			};
			name = Release;
		};
		6AF1FCAF260B5D9F0073A1EB /* Debug */ = {
			isa = XCBuildConfiguration;
			buildSettings = {
				ALWAYS_EMBED_SWIFT_STANDARD_LIBRARIES = YES;
				CODE_SIGN_STYLE = Automatic;
				DEVELOPMENT_TEAM = 8SARQFUQQA;
				INFOPLIST_FILE = "practice-3UITests/Info.plist";
				LD_RUNPATH_SEARCH_PATHS = (
					"$(inherited)",
					"@executable_path/Frameworks",
					"@loader_path/Frameworks",
				);
				PRODUCT_BUNDLE_IDENTIFIER = "taisei.practice-3UITests";
				PRODUCT_NAME = "$(TARGET_NAME)";
				SWIFT_VERSION = 5.0;
				TARGETED_DEVICE_FAMILY = "1,2";
				TEST_TARGET_NAME = "practice-3";
			};
			name = Debug;
		};
		6AF1FCB0260B5D9F0073A1EB /* Release */ = {
			isa = XCBuildConfiguration;
			buildSettings = {
				ALWAYS_EMBED_SWIFT_STANDARD_LIBRARIES = YES;
				CODE_SIGN_STYLE = Automatic;
				DEVELOPMENT_TEAM = 8SARQFUQQA;
				INFOPLIST_FILE = "practice-3UITests/Info.plist";
				LD_RUNPATH_SEARCH_PATHS = (
					"$(inherited)",
					"@executable_path/Frameworks",
					"@loader_path/Frameworks",
				);
				PRODUCT_BUNDLE_IDENTIFIER = "taisei.practice-3UITests";
				PRODUCT_NAME = "$(TARGET_NAME)";
				SWIFT_VERSION = 5.0;
				TARGETED_DEVICE_FAMILY = "1,2";
				TEST_TARGET_NAME = "practice-3";
			};
			name = Release;
		};
/* End XCBuildConfiguration section */

/* Begin XCConfigurationList section */
		6AF1FC7E260B5D9E0073A1EB /* Build configuration list for PBXProject "practice-3" */ = {
			isa = XCConfigurationList;
			buildConfigurations = (
				6AF1FCA6260B5D9F0073A1EB /* Debug */,
				6AF1FCA7260B5D9F0073A1EB /* Release */,
			);
			defaultConfigurationIsVisible = 0;
			defaultConfigurationName = Release;
		};
		6AF1FCA8260B5D9F0073A1EB /* Build configuration list for PBXNativeTarget "practice-3" */ = {
			isa = XCConfigurationList;
			buildConfigurations = (
				6AF1FCA9260B5D9F0073A1EB /* Debug */,
				6AF1FCAA260B5D9F0073A1EB /* Release */,
			);
			defaultConfigurationIsVisible = 0;
			defaultConfigurationName = Release;
		};
		6AF1FCAB260B5D9F0073A1EB /* Build configuration list for PBXNativeTarget "practice-3Tests" */ = {
			isa = XCConfigurationList;
			buildConfigurations = (
				6AF1FCAC260B5D9F0073A1EB /* Debug */,
				6AF1FCAD260B5D9F0073A1EB /* Release */,
			);
			defaultConfigurationIsVisible = 0;
			defaultConfigurationName = Release;
		};
		6AF1FCAE260B5D9F0073A1EB /* Build configuration list for PBXNativeTarget "practice-3UITests" */ = {
			isa = XCConfigurationList;
			buildConfigurations = (
				6AF1FCAF260B5D9F0073A1EB /* Debug */,
				6AF1FCB0260B5D9F0073A1EB /* Release */,
			);
			defaultConfigurationIsVisible = 0;
			defaultConfigurationName = Release;
		};
/* End XCConfigurationList section */
	};
	rootObject = 6AF1FC7B260B5D9E0073A1EB /* Project object */;
}
